<?xml version="1.0" encoding="utf-8"?>
<Project ToolsVersion="4.0" xmlns="http://schemas.microsoft.com/developer/msbuild/2003">
  <ItemGroup>
    <Filter Include="Source Files">
      <UniqueIdentifier>{4FC737F1-C7A5-4376-A066-2A32D752A2FF}</UniqueIdentifier>
      <Extensions>cpp;c;cc;cxx;def;odl;idl;hpj;bat;asm;asmx</Extensions>
    </Filter>
    <Filter Include="Header Files">
      <UniqueIdentifier>{93995380-89BD-4b04-88EB-625FBE52EBFB}</UniqueIdentifier>
      <Extensions>h;hpp;hxx;hm;inl;inc;xsd</Extensions>
    </Filter>
    <Filter Include="Resource Files">
      <UniqueIdentifier>{67DA6AB6-F800-4c08-8B7A-83BB121AAD01}</UniqueIdentifier>
      <Extensions>rc;ico;cur;bmp;dlg;rc2;rct;bin;rgs;gif;jpg;jpeg;jpe;resx;tiff;tif;png;wav</Extensions>
    </Filter>
    <Filter Include="SerialPort">
      <UniqueIdentifier>{0d075cdf-c12a-49c2-b9bf-469fe462e8db}</UniqueIdentifier>
    </Filter>
    <Filter Include="pugixml">
      <UniqueIdentifier>{2fb299c1-bcde-4b29-ae40-b854b39c6f73}</UniqueIdentifier>
    </Filter>
  </ItemGroup>
  <ItemGroup>
    <ClCompile Include="AdsSetDlg.cpp">
      <Filter>Source Files</Filter>
    </ClCompile>
    <ClCompile Include="alt.cpp">
      <Filter>Source Files</Filter>
    </ClCompile>
    <ClCompile Include="AviaHorizon.cpp">
      <Filter>Source Files</Filter>
    </ClCompile>
    <ClCompile Include="compas.cpp">
      <Filter>Source Files</Filter>
    </ClCompile>
    <ClCompile Include="config.cpp">
      <Filter>Source Files</Filter>
    </ClCompile>
    <ClCompile Include="ConfigDlg.cpp">
      <Filter>Source Files</Filter>
    </ClCompile>
    <ClCompile Include="crc.cpp">
      <Filter>Source Files</Filter>
    </ClCompile>
    <ClCompile Include="DataXchg.cpp">
      <Filter>Source Files</Filter>
    </ClCompile>
    <ClCompile Include="JoyCfgDlg.cpp">
      <Filter>Source Files</Filter>
    </ClCompile>
    <ClCompile Include="ListCtrlEx.cpp">
      <Filter>Source Files</Filter>
    </ClCompile>
    <ClCompile Include="MsgHook.cpp">
      <Filter>Source Files</Filter>
    </ClCompile>
    <ClCompile Include="protocol.cpp">
      <Filter>Source Files</Filter>
    </ClCompile>
    <ClCompile Include="RouteDlg.cpp">
      <Filter>Source Files</Filter>
    </ClCompile>
    <ClCompile Include="speed.cpp">
      <Filter>Source Files</Filter>
    </ClCompile>
    <ClCompile Include="TDS.cpp">
      <Filter>Source Files</Filter>
    </ClCompile>
    <ClCompile Include="Thread.cpp">
      <Filter>Source Files</Filter>
    </ClCompile>
    <ClCompile Include="UAVtest.cpp">
      <Filter>Source Files</Filter>
    </ClCompile>
    <ClCompile Include="UAVtestDlg.cpp">
      <Filter>Source Files</Filter>
    </ClCompile>
    <ClCompile Include="var.cpp">
      <Filter>Source Files</Filter>
    </ClCompile>
    <ClCompile Include="..\SerialPort\Rs232.cpp">
      <Filter>SerialPort</Filter>
    </ClCompile>
    <ClCompile Include="..\SerialPort\UdpTunnel.cpp">
      <Filter>SerialPort</Filter>
    </ClCompile>
    <ClCompile Include="..\pugixml\pugixml.cpp">
      <Filter>pugixml</Filter>
    </ClCompile>
    <ClCompile Include="joystick.cpp">
      <Filter>Source Files</Filter>
    </ClCompile>
    <ClCompile Include="..\SerialPort\TcpTunnel.cpp">
      <Filter>SerialPort</Filter>
    </ClCompile>
  </ItemGroup>
  <ItemGroup>
    <ClInclude Include="AdsSetDlg.h">
      <Filter>Header Files</Filter>
    </ClInclude>
    <ClInclude Include="alt.h">
      <Filter>Header Files</Filter>
    </ClInclude>
    <ClInclude Include="AviaHorizon.h">
      <Filter>Header Files</Filter>
    </ClInclude>
    <ClInclude Include="buffer.h">
      <Filter>Header Files</Filter>
    </ClInclude>
    <ClInclude Include="compas.h">
      <Filter>Header Files</Filter>
    </ClInclude>
    <ClInclude Include="config.h">
      <Filter>Header Files</Filter>
    </ClInclude>
    <ClInclude Include="ConfigDlg.h">
      <Filter>Header Files</Filter>
    </ClInclude>
    <ClInclude Include="crc.h">
      <Filter>Header Files</Filter>
    </ClInclude>
    <ClInclude Include="DataXchg.h">
      <Filter>Header Files</Filter>
    </ClInclude>
    <ClInclude Include="JoyCfgDlg.h">
      <Filter>Header Files</Filter>
    </ClInclude>
    <ClInclude Include="ListCtrlEx.h">
      <Filter>Header Files</Filter>
    </ClInclude>
    <ClInclude Include="manualctrl.h">
      <Filter>Header Files</Filter>
    </ClInclude>
    <ClInclude Include="MsgHook.h">
      <Filter>Header Files</Filter>
    </ClInclude>
    <ClInclude Include="oisctrl.h">
      <Filter>Header Files</Filter>
    </ClInclude>
    <ClInclude Include="protocol.h">
      <Filter>Header Files</Filter>
    </ClInclude>
    <ClInclude Include="Resource.h">
      <Filter>Header Files</Filter>
    </ClInclude>
    <ClInclude Include="RouteDlg.h">
      <Filter>Header Files</Filter>
    </ClInclude>
    <ClInclude Include="speed.h">
      <Filter>Header Files</Filter>
    </ClInclude>
    <ClInclude Include="stdafx.h">
      <Filter>Header Files</Filter>
    </ClInclude>
    <ClInclude Include="targetver.h">
      <Filter>Header Files</Filter>
    </ClInclude>
    <ClInclude Include="TDS.h">
      <Filter>Header Files</Filter>
    </ClInclude>
    <ClInclude Include="Thread.h">
      <Filter>Header Files</Filter>
    </ClInclude>
    <ClInclude Include="uavdata.h">
      <Filter>Header Files</Filter>
    </ClInclude>
    <ClInclude Include="UAVtest.h">
      <Filter>Header Files</Filter>
    </ClInclude>
    <ClInclude Include="UAVtestDlg.h">
      <Filter>Header Files</Filter>
    </ClInclude>
    <ClInclude Include="var.h">
      <Filter>Header Files</Filter>
    </ClInclude>
    <ClInclude Include="waypoint.h">
      <Filter>Header Files</Filter>
    </ClInclude>
    <ClInclude Include="..\SerialPort\nullserialport.h">
      <Filter>SerialPort</Filter>
    </ClInclude>
    <ClInclude Include="..\SerialPort\Rs232.h">
      <Filter>SerialPort</Filter>
    </ClInclude>
    <ClInclude Include="..\SerialPort\serialport.h">
      <Filter>SerialPort</Filter>
    </ClInclude>
    <ClInclude Include="..\SerialPort\UdpTunnel.h">
      <Filter>SerialPort</Filter>
    </ClInclude>
    <ClInclude Include="..\pugixml\pugiconfig.hpp">
      <Filter>pugixml</Filter>
    </ClInclude>
    <ClInclude Include="..\pugixml\pugixml.hpp">
      <Filter>pugixml</Filter>
    </ClInclude>
    <ClInclude Include="joystick.h">
      <Filter>Header Files</Filter>
    </ClInclude>
    <ClInclude Include="..\SerialPort\TcpTunnel.h">
      <Filter>SerialPort</Filter>
    </ClInclude>
    <ClInclude Include="..\SerialPort\serialbuffer.h">
      <Filter>SerialPort</Filter>
    </ClInclude>
  </ItemGroup>
  <ItemGroup>
    <None Include="res\alt_bg.bmp">
      <Filter>Resource Files</Filter>
    </None>
    <None Include="res\alt_msk.bmp">
      <Filter>Resource Files</Filter>
    </None>
    <None Include="res\bitmap1.bmp">
      <Filter>Resource Files</Filter>
    </None>
    <None Include="res\compas_bg.bmp">
      <Filter>Resource Files</Filter>
    </None>
    <None Include="res\compas_msk.bmp">
      <Filter>Resource Files</Filter>
    </None>
    <None Include="res\horizon_bg.bmp">
      <Filter>Resource Files</Filter>
    </None>
    <None Include="res\horizon_msk.bmp">
      <Filter>Resource Files</Filter>
    </None>
    <None Include="res\horizon_msk2.bmp">
      <Filter>Resource Files</Filter>
    </None>
    <None Include="res\horizon_pitch.bmp">
      <Filter>Resource Files</Filter>
    </None>
    <None Include="res\speed_bg.bmp">
      <Filter>Resource Files</Filter>
    </None>
    <None Include="res\speed_msk.bmp">
      <Filter>Resource Files</Filter>
    </None>
    <None Include="res\UAVtest.ico">
      <Filter>Resource Files</Filter>
    </None>
    <None Include="res\UAVtest.rc2">
      <Filter>Resource Files</Filter>
    </None>
    <None Include="res\var_bg.bmp">
      <Filter>Resource Files</Filter>
    </None>
    <None Include="res\var_msk.bmp">
      <Filter>Resource Files</Filter>
    </None>
  </ItemGroup>
  <ItemGroup>
    <ResourceCompile Include="UAVtest.rc">
      <Filter>Resource Files</Filter>
    </ResourceCompile>
  </ItemGroup>
</Project>